{
  "version": 4,
  "terraform_version": "1.2.4",
  "serial": 66,
  "lineage": "67ff91a5-68d5-d260-d568-f24a627cf1aa",
  "outputs": {},
  "resources": [
    {
      "mode": "managed",
      "type": "azurerm_network_interface",
      "name": "vm",
      "provider": "provider[\"registry.terraform.io/hashicorp/azurerm\"]",
      "instances": [
        {
          "schema_version": 0,
          "attributes": {
            "applied_dns_servers": [],
            "dns_servers": [],
            "edge_zone": "",
            "enable_accelerated_networking": false,
            "enable_ip_forwarding": false,
            "id": "/subscriptions/4a695de3-c537-4263-b522-a3fc4126c0df/resourceGroups/tfex-replicated-vm-primary/providers/Microsoft.Network/networkInterfaces/vm-nic",
            "internal_dns_name_label": "",
            "internal_domain_name_suffix": "sz5bo1x2l0me1ly5fvolkpjfnd.gx.internal.cloudapp.net",
            "ip_configuration": [
              {
                "gateway_load_balancer_frontend_ip_configuration_id": "",
                "name": "vm",
                "primary": true,
                "private_ip_address": "192.168.1.4",
                "private_ip_address_allocation": "Dynamic",
                "private_ip_address_version": "IPv4",
                "public_ip_address_id": "/subscriptions/4a695de3-c537-4263-b522-a3fc4126c0df/resourceGroups/tfex-replicated-vm-primary/providers/Microsoft.Network/publicIPAddresses/vm-public-ip-primary",
                "subnet_id": "/subscriptions/4a695de3-c537-4263-b522-a3fc4126c0df/resourceGroups/tfex-replicated-vm-primary/providers/Microsoft.Network/virtualNetworks/network1/subnets/network1-subnet"
              }
            ],
            "location": "centralus",
            "mac_address": "",
            "name": "vm-nic",
            "private_ip_address": "192.168.1.4",
            "private_ip_addresses": [
              "192.168.1.4"
            ],
            "resource_group_name": "tfex-replicated-vm-primary",
            "tags": null,
            "timeouts": null,
            "virtual_machine_id": ""
          },
          "sensitive_attributes": [],
          "private": "eyJlMmJmYjczMC1lY2FhLTExZTYtOGY4OC0zNDM2M2JjN2M0YzAiOnsiY3JlYXRlIjoxODAwMDAwMDAwMDAwLCJkZWxldGUiOjE4MDAwMDAwMDAwMDAsInJlYWQiOjMwMDAwMDAwMDAwMCwidXBkYXRlIjoxODAwMDAwMDAwMDAwfX0=",
          "dependencies": [
            "azurerm_public_ip.primary",
            "azurerm_resource_group.primary",
            "azurerm_subnet.primary",
            "azurerm_virtual_network.primary"
          ]
        }
      ]
    },
    {
      "mode": "managed",
      "type": "azurerm_public_ip",
      "name": "primary",
      "provider": "provider[\"registry.terraform.io/hashicorp/azurerm\"]",
      "instances": [
        {
          "schema_version": 0,
          "attributes": {
            "allocation_method": "Static",
            "domain_name_label": null,
            "edge_zone": "",
            "fqdn": null,
            "id": "/subscriptions/4a695de3-c537-4263-b522-a3fc4126c0df/resourceGroups/tfex-replicated-vm-primary/providers/Microsoft.Network/publicIPAddresses/vm-public-ip-primary",
            "idle_timeout_in_minutes": 4,
            "ip_address": "20.12.226.226",
            "ip_tags": null,
            "ip_version": "IPv4",
            "location": "centralus",
            "name": "vm-public-ip-primary",
            "public_ip_prefix_id": null,
            "resource_group_name": "tfex-replicated-vm-primary",
            "reverse_fqdn": null,
            "sku": "Basic",
            "sku_tier": "Regional",
            "tags": null,
            "timeouts": null,
            "zones": null
          },
          "sensitive_attributes": [],
          "private": "eyJlMmJmYjczMC1lY2FhLTExZTYtOGY4OC0zNDM2M2JjN2M0YzAiOnsiY3JlYXRlIjoxODAwMDAwMDAwMDAwLCJkZWxldGUiOjE4MDAwMDAwMDAwMDAsInJlYWQiOjMwMDAwMDAwMDAwMCwidXBkYXRlIjoxODAwMDAwMDAwMDAwfX0=",
          "dependencies": [
            "azurerm_resource_group.primary"
          ]
        }
      ]
    },
    {
      "mode": "managed",
      "type": "azurerm_public_ip",
      "name": "secondary",
      "provider": "provider[\"registry.terraform.io/hashicorp/azurerm\"]",
      "instances": [
        {
          "schema_version": 0,
          "attributes": {
            "allocation_method": "Static",
            "domain_name_label": null,
            "edge_zone": "",
            "fqdn": null,
            "id": "/subscriptions/4a695de3-c537-4263-b522-a3fc4126c0df/resourceGroups/tfex-replicated-vm-secondary/providers/Microsoft.Network/publicIPAddresses/vm-public-ip-secondary",
            "idle_timeout_in_minutes": 4,
            "ip_address": "20.121.30.122",
            "ip_tags": null,
            "ip_version": "IPv4",
            "location": "eastus",
            "name": "vm-public-ip-secondary",
            "public_ip_prefix_id": null,
            "resource_group_name": "tfex-replicated-vm-secondary",
            "reverse_fqdn": null,
            "sku": "Basic",
            "sku_tier": "Regional",
            "tags": null,
            "timeouts": null,
            "zones": null
          },
          "sensitive_attributes": [],
          "private": "eyJlMmJmYjczMC1lY2FhLTExZTYtOGY4OC0zNDM2M2JjN2M0YzAiOnsiY3JlYXRlIjoxODAwMDAwMDAwMDAwLCJkZWxldGUiOjE4MDAwMDAwMDAwMDAsInJlYWQiOjMwMDAwMDAwMDAwMCwidXBkYXRlIjoxODAwMDAwMDAwMDAwfX0=",
          "dependencies": [
            "azurerm_resource_group.secondary"
          ]
        }
      ]
    },
    {
      "mode": "managed",
      "type": "azurerm_recovery_services_vault",
      "name": "vault",
      "provider": "provider[\"registry.terraform.io/hashicorp/azurerm\"]",
      "instances": [
        {
          "schema_version": 0,
          "attributes": {
            "cross_region_restore_enabled": false,
            "encryption": [],
            "id": "/subscriptions/4a695de3-c537-4263-b522-a3fc4126c0df/resourceGroups/tfex-replicated-vm-secondary/providers/Microsoft.RecoveryServices/vaults/example-recovery-vault",
            "identity": [],
            "location": "eastus",
            "name": "example-recovery-vault",
            "resource_group_name": "tfex-replicated-vm-secondary",
            "sku": "Standard",
            "soft_delete_enabled": true,
            "storage_mode_type": "GeoRedundant",
            "tags": null,
            "timeouts": null
          },
          "sensitive_attributes": [],
          "private": "eyJlMmJmYjczMC1lY2FhLTExZTYtOGY4OC0zNDM2M2JjN2M0YzAiOnsiY3JlYXRlIjoxODAwMDAwMDAwMDAwLCJkZWxldGUiOjE4MDAwMDAwMDAwMDAsInJlYWQiOjMwMDAwMDAwMDAwMCwidXBkYXRlIjoxODAwMDAwMDAwMDAwfX0=",
          "dependencies": [
            "azurerm_resource_group.secondary"
          ]
        }
      ]
    },
    {
      "mode": "managed",
      "type": "azurerm_resource_group",
      "name": "primary",
      "provider": "provider[\"registry.terraform.io/hashicorp/azurerm\"]",
      "instances": [
        {
          "schema_version": 0,
          "attributes": {
            "id": "/subscriptions/4a695de3-c537-4263-b522-a3fc4126c0df/resourceGroups/tfex-replicated-vm-primary",
            "location": "centralus",
            "name": "tfex-replicated-vm-primary",
            "tags": {},
            "timeouts": null
          },
          "sensitive_attributes": [],
          "private": "eyJlMmJmYjczMC1lY2FhLTExZTYtOGY4OC0zNDM2M2JjN2M0YzAiOnsiY3JlYXRlIjo1NDAwMDAwMDAwMDAwLCJkZWxldGUiOjU0MDAwMDAwMDAwMDAsInJlYWQiOjMwMDAwMDAwMDAwMCwidXBkYXRlIjo1NDAwMDAwMDAwMDAwfX0="
        }
      ]
    },
    {
      "mode": "managed",
      "type": "azurerm_resource_group",
      "name": "secondary",
      "provider": "provider[\"registry.terraform.io/hashicorp/azurerm\"]",
      "instances": [
        {
          "schema_version": 0,
          "attributes": {
            "id": "/subscriptions/4a695de3-c537-4263-b522-a3fc4126c0df/resourceGroups/tfex-replicated-vm-secondary",
            "location": "eastus",
            "name": "tfex-replicated-vm-secondary",
            "tags": {},
            "timeouts": null
          },
          "sensitive_attributes": [],
          "private": "eyJlMmJmYjczMC1lY2FhLTExZTYtOGY4OC0zNDM2M2JjN2M0YzAiOnsiY3JlYXRlIjo1NDAwMDAwMDAwMDAwLCJkZWxldGUiOjU0MDAwMDAwMDAwMDAsInJlYWQiOjMwMDAwMDAwMDAwMCwidXBkYXRlIjo1NDAwMDAwMDAwMDAwfX0="
        }
      ]
    },
    {
      "mode": "managed",
      "type": "azurerm_site_recovery_fabric",
      "name": "primary",
      "provider": "provider[\"registry.terraform.io/hashicorp/azurerm\"]",
      "instances": [
        {
          "schema_version": 0,
          "attributes": {
            "id": "/subscriptions/4a695de3-c537-4263-b522-a3fc4126c0df/resourceGroups/tfex-replicated-vm-secondary/providers/Microsoft.RecoveryServices/vaults/example-recovery-vault/replicationFabrics/primary-fabric",
            "location": "centralus",
            "name": "primary-fabric",
            "recovery_vault_name": "example-recovery-vault",
            "resource_group_name": "tfex-replicated-vm-secondary",
            "timeouts": null
          },
          "sensitive_attributes": [],
          "private": "eyJlMmJmYjczMC1lY2FhLTExZTYtOGY4OC0zNDM2M2JjN2M0YzAiOnsiY3JlYXRlIjoxODAwMDAwMDAwMDAwLCJkZWxldGUiOjE4MDAwMDAwMDAwMDAsInJlYWQiOjMwMDAwMDAwMDAwMCwidXBkYXRlIjoxODAwMDAwMDAwMDAwfX0=",
          "dependencies": [
            "azurerm_recovery_services_vault.vault",
            "azurerm_resource_group.primary",
            "azurerm_resource_group.secondary"
          ]
        }
      ]
    },
    {
      "mode": "managed",
      "type": "azurerm_site_recovery_fabric",
      "name": "secondary",
      "provider": "provider[\"registry.terraform.io/hashicorp/azurerm\"]",
      "instances": [
        {
          "schema_version": 0,
          "attributes": {
            "id": "/subscriptions/4a695de3-c537-4263-b522-a3fc4126c0df/resourceGroups/tfex-replicated-vm-secondary/providers/Microsoft.RecoveryServices/vaults/example-recovery-vault/replicationFabrics/secondary-fabric",
            "location": "eastus",
            "name": "secondary-fabric",
            "recovery_vault_name": "example-recovery-vault",
            "resource_group_name": "tfex-replicated-vm-secondary",
            "timeouts": null
          },
          "sensitive_attributes": [],
          "private": "eyJlMmJmYjczMC1lY2FhLTExZTYtOGY4OC0zNDM2M2JjN2M0YzAiOnsiY3JlYXRlIjoxODAwMDAwMDAwMDAwLCJkZWxldGUiOjE4MDAwMDAwMDAwMDAsInJlYWQiOjMwMDAwMDAwMDAwMCwidXBkYXRlIjoxODAwMDAwMDAwMDAwfX0=",
          "dependencies": [
            "azurerm_recovery_services_vault.vault",
            "azurerm_resource_group.secondary"
          ]
        }
      ]
    },
    {
      "mode": "managed",
      "type": "azurerm_site_recovery_network_mapping",
      "name": "network-mapping",
      "provider": "provider[\"registry.terraform.io/hashicorp/azurerm\"]",
      "instances": [
        {
          "schema_version": 0,
          "attributes": {
            "id": "/subscriptions/4a695de3-c537-4263-b522-a3fc4126c0df/resourceGroups/tfex-replicated-vm-secondary/providers/Microsoft.RecoveryServices/vaults/example-recovery-vault/replicationFabrics/primary-fabric/replicationNetworks/azureNetwork/replicationNetworkMappings/network-mapping",
            "name": "network-mapping",
            "recovery_vault_name": "example-recovery-vault",
            "resource_group_name": "tfex-replicated-vm-secondary",
            "source_network_id": "/subscriptions/4a695de3-c537-4263-b522-a3fc4126c0df/resourcegroups/tfex-replicated-vm-primary/providers/microsoft.network/virtualnetworks/network1",
            "source_recovery_fabric_name": "primary-fabric",
            "target_network_id": "/subscriptions/4a695de3-c537-4263-b522-a3fc4126c0df/resourcegroups/tfex-replicated-vm-secondary/providers/microsoft.network/virtualnetworks/network2",
            "target_recovery_fabric_name": "secondary-fabric",
            "timeouts": null
          },
          "sensitive_attributes": [],
          "private": "eyJlMmJmYjczMC1lY2FhLTExZTYtOGY4OC0zNDM2M2JjN2M0YzAiOnsiY3JlYXRlIjoxODAwMDAwMDAwMDAwLCJkZWxldGUiOjE4MDAwMDAwMDAwMDAsInJlYWQiOjMwMDAwMDAwMDAwMCwidXBkYXRlIjoxODAwMDAwMDAwMDAwfX0=",
          "dependencies": [
            "azurerm_recovery_services_vault.vault",
            "azurerm_resource_group.primary",
            "azurerm_resource_group.secondary",
            "azurerm_site_recovery_fabric.primary",
            "azurerm_site_recovery_fabric.secondary",
            "azurerm_virtual_network.primary",
            "azurerm_virtual_network.secondary"
          ]
        }
      ]
    },
    {
      "mode": "managed",
      "type": "azurerm_site_recovery_protection_container",
      "name": "primary",
      "provider": "provider[\"registry.terraform.io/hashicorp/azurerm\"]",
      "instances": [
        {
          "schema_version": 0,
          "attributes": {
            "id": "/subscriptions/4a695de3-c537-4263-b522-a3fc4126c0df/resourceGroups/tfex-replicated-vm-secondary/providers/Microsoft.RecoveryServices/vaults/example-recovery-vault/replicationFabrics/primary-fabric/replicationProtectionContainers/primary-protection-container",
            "name": "primary-protection-container",
            "recovery_fabric_name": "primary-fabric",
            "recovery_vault_name": "example-recovery-vault",
            "resource_group_name": "tfex-replicated-vm-secondary",
            "timeouts": null
          },
          "sensitive_attributes": [],
          "private": "eyJlMmJmYjczMC1lY2FhLTExZTYtOGY4OC0zNDM2M2JjN2M0YzAiOnsiY3JlYXRlIjoxODAwMDAwMDAwMDAwLCJkZWxldGUiOjE4MDAwMDAwMDAwMDAsInJlYWQiOjMwMDAwMDAwMDAwMCwidXBkYXRlIjoxODAwMDAwMDAwMDAwfX0=",
          "dependencies": [
            "azurerm_recovery_services_vault.vault",
            "azurerm_resource_group.primary",
            "azurerm_resource_group.secondary",
            "azurerm_site_recovery_fabric.primary"
          ]
        }
      ]
    },
    {
      "mode": "managed",
      "type": "azurerm_site_recovery_protection_container",
      "name": "secondary",
      "provider": "provider[\"registry.terraform.io/hashicorp/azurerm\"]",
      "instances": [
        {
          "schema_version": 0,
          "attributes": {
            "id": "/subscriptions/4a695de3-c537-4263-b522-a3fc4126c0df/resourceGroups/tfex-replicated-vm-secondary/providers/Microsoft.RecoveryServices/vaults/example-recovery-vault/replicationFabrics/secondary-fabric/replicationProtectionContainers/secondary-protection-container",
            "name": "secondary-protection-container",
            "recovery_fabric_name": "secondary-fabric",
            "recovery_vault_name": "example-recovery-vault",
            "resource_group_name": "tfex-replicated-vm-secondary",
            "timeouts": null
          },
          "sensitive_attributes": [],
          "private": "eyJlMmJmYjczMC1lY2FhLTExZTYtOGY4OC0zNDM2M2JjN2M0YzAiOnsiY3JlYXRlIjoxODAwMDAwMDAwMDAwLCJkZWxldGUiOjE4MDAwMDAwMDAwMDAsInJlYWQiOjMwMDAwMDAwMDAwMCwidXBkYXRlIjoxODAwMDAwMDAwMDAwfX0=",
          "dependencies": [
            "azurerm_recovery_services_vault.vault",
            "azurerm_resource_group.secondary",
            "azurerm_site_recovery_fabric.secondary"
          ]
        }
      ]
    },
    {
      "mode": "managed",
      "type": "azurerm_site_recovery_protection_container_mapping",
      "name": "container-mapping",
      "provider": "provider[\"registry.terraform.io/hashicorp/azurerm\"]",
      "instances": [
        {
          "schema_version": 0,
          "attributes": {
            "id": "/subscriptions/4a695de3-c537-4263-b522-a3fc4126c0df/resourceGroups/tfex-replicated-vm-secondary/providers/Microsoft.RecoveryServices/vaults/example-recovery-vault/replicationFabrics/primary-fabric/replicationProtectionContainers/primary-protection-container/replicationProtectionContainerMappings/container-mapping",
            "name": "container-mapping",
            "recovery_fabric_name": "primary-fabric",
            "recovery_replication_policy_id": "/Subscriptions/4a695de3-c537-4263-b522-a3fc4126c0df/resourceGroups/tfex-replicated-vm-secondary/providers/Microsoft.RecoveryServices/vaults/example-recovery-vault/replicationPolicies/policy",
            "recovery_source_protection_container_name": "primary-protection-container",
            "recovery_target_protection_container_id": "/Subscriptions/4a695de3-c537-4263-b522-a3fc4126c0df/resourceGroups/tfex-replicated-vm-secondary/providers/Microsoft.RecoveryServices/vaults/example-recovery-vault/replicationFabrics/secondary-fabric/replicationProtectionContainers/secondary-protection-container",
            "recovery_vault_name": "example-recovery-vault",
            "resource_group_name": "tfex-replicated-vm-secondary",
            "timeouts": null
          },
          "sensitive_attributes": [],
          "private": "eyJlMmJmYjczMC1lY2FhLTExZTYtOGY4OC0zNDM2M2JjN2M0YzAiOnsiY3JlYXRlIjoxODAwMDAwMDAwMDAwLCJkZWxldGUiOjE4MDAwMDAwMDAwMDAsInJlYWQiOjMwMDAwMDAwMDAwMCwidXBkYXRlIjoxODAwMDAwMDAwMDAwfX0=",
          "dependencies": [
            "azurerm_recovery_services_vault.vault",
            "azurerm_resource_group.primary",
            "azurerm_resource_group.secondary",
            "azurerm_site_recovery_fabric.primary",
            "azurerm_site_recovery_fabric.secondary",
            "azurerm_site_recovery_protection_container.primary",
            "azurerm_site_recovery_protection_container.secondary",
            "azurerm_site_recovery_replication_policy.policy"
          ]
        }
      ]
    },
    {
      "mode": "managed",
      "type": "azurerm_site_recovery_replicated_vm",
      "name": "vm-replication",
      "provider": "provider[\"registry.terraform.io/hashicorp/azurerm\"]",
      "instances": [
        {
          "schema_version": 0,
          "attributes": {
            "id": "/subscriptions/4a695de3-c537-4263-b522-a3fc4126c0df/resourceGroups/tfex-replicated-vm-secondary/providers/Microsoft.RecoveryServices/vaults/example-recovery-vault/replicationFabrics/primary-fabric/replicationProtectionContainers/primary-protection-container/replicationProtectedItems/vm-replication",
            "managed_disk": [
              {
                "disk_id": "/subscriptions/4a695de3-c537-4263-b522-a3fc4126c0df/resourceGroups/tfex-replicated-vm-primary/providers/Microsoft.Compute/disks/vm-os-disk",
                "staging_storage_account_id": "/subscriptions/4a695de3-c537-4263-b522-a3fc4126c0df/resourceGroups/tfex-replicated-vm-primary/providers/Microsoft.Storage/storageAccounts/primaryrecoverycache123",
                "target_disk_encryption_set_id": "",
                "target_disk_type": "Premium_LRS",
                "target_replica_disk_type": "Premium_LRS",
                "target_resource_group_id": "/subscriptions/4a695de3-c537-4263-b522-a3fc4126c0df/resourceGroups/tfex-replicated-vm-secondary"
              }
            ],
            "name": "vm-replication",
            "network_interface": [
              {
                "recovery_public_ip_address_id": "/subscriptions/4a695de3-c537-4263-b522-a3fc4126c0df/resourceGroups/tfex-replicated-vm-secondary/providers/Microsoft.Network/publicIPAddresses/vm-public-ip-secondary",
                "source_network_interface_id": "/subscriptions/4a695de3-c537-4263-b522-a3fc4126c0df/resourceGroups/tfex-replicated-vm-primary/providers/Microsoft.Network/networkInterfaces/vm-nic",
                "target_static_ip": "",
                "target_subnet_name": "network2-subnet"
              }
            ],
            "recovery_replication_policy_id": "/Subscriptions/4a695de3-c537-4263-b522-a3fc4126c0df/resourceGroups/tfex-replicated-vm-secondary/providers/Microsoft.RecoveryServices/vaults/example-recovery-vault/replicationPolicies/policy",
            "recovery_vault_name": "example-recovery-vault",
            "resource_group_name": "tfex-replicated-vm-secondary",
            "source_recovery_fabric_name": "primary-fabric",
            "source_recovery_protection_container_name": "primary-protection-container",
            "source_vm_id": "/subscriptions/4a695de3-c537-4263-b522-a3fc4126c0df/resourcegroups/tfex-replicated-vm-primary/providers/microsoft.compute/virtualmachines/vm",
            "target_availability_set_id": "",
            "target_network_id": "/subscriptions/4a695de3-c537-4263-b522-a3fc4126c0df/resourcegroups/tfex-replicated-vm-secondary/providers/microsoft.network/virtualnetworks/network2",
            "target_recovery_fabric_id": "/Subscriptions/4a695de3-c537-4263-b522-a3fc4126c0df/resourceGroups/tfex-replicated-vm-secondary/providers/Microsoft.RecoveryServices/vaults/example-recovery-vault/replicationFabrics/secondary-fabric",
            "target_recovery_protection_container_id": "/Subscriptions/4a695de3-c537-4263-b522-a3fc4126c0df/resourceGroups/tfex-replicated-vm-secondary/providers/Microsoft.RecoveryServices/vaults/example-recovery-vault/replicationFabrics/secondary-fabric/replicationProtectionContainers/secondary-protection-container",
            "target_resource_group_id": "/subscriptions/4a695de3-c537-4263-b522-a3fc4126c0df/resourceGroups/tfex-replicated-vm-secondary",
            "target_zone": "",
            "timeouts": null
          },
          "sensitive_attributes": [],
          "private": "eyJlMmJmYjczMC1lY2FhLTExZTYtOGY4OC0zNDM2M2JjN2M0YzAiOnsiY3JlYXRlIjo3MjAwMDAwMDAwMDAwLCJkZWxldGUiOjQ4MDAwMDAwMDAwMDAsInJlYWQiOjMwMDAwMDAwMDAwMCwidXBkYXRlIjo0ODAwMDAwMDAwMDAwfX0=",
          "dependencies": [
            "azurerm_network_interface.vm",
            "azurerm_public_ip.primary",
            "azurerm_public_ip.secondary",
            "azurerm_recovery_services_vault.vault",
            "azurerm_resource_group.primary",
            "azurerm_resource_group.secondary",
            "azurerm_site_recovery_fabric.primary",
            "azurerm_site_recovery_fabric.secondary",
            "azurerm_site_recovery_network_mapping.network-mapping",
            "azurerm_site_recovery_protection_container.primary",
            "azurerm_site_recovery_protection_container.secondary",
            "azurerm_site_recovery_protection_container_mapping.container-mapping",
            "azurerm_site_recovery_replication_policy.policy",
            "azurerm_storage_account.primary",
            "azurerm_subnet.primary",
            "azurerm_subnet.secondary",
            "azurerm_virtual_machine.vm",
            "azurerm_virtual_network.primary",
            "azurerm_virtual_network.secondary"
          ]
        }
      ]
    },
    {
      "mode": "managed",
      "type": "azurerm_site_recovery_replication_policy",
      "name": "policy",
      "provider": "provider[\"registry.terraform.io/hashicorp/azurerm\"]",
      "instances": [
        {
          "schema_version": 0,
          "attributes": {
            "application_consistent_snapshot_frequency_in_minutes": 240,
            "id": "/subscriptions/4a695de3-c537-4263-b522-a3fc4126c0df/resourceGroups/tfex-replicated-vm-secondary/providers/Microsoft.RecoveryServices/vaults/example-recovery-vault/replicationPolicies/policy",
            "name": "policy",
            "recovery_point_retention_in_minutes": 1440,
            "recovery_vault_name": "example-recovery-vault",
            "resource_group_name": "tfex-replicated-vm-secondary",
            "timeouts": null
          },
          "sensitive_attributes": [],
          "private": "eyJlMmJmYjczMC1lY2FhLTExZTYtOGY4OC0zNDM2M2JjN2M0YzAiOnsiY3JlYXRlIjoxODAwMDAwMDAwMDAwLCJkZWxldGUiOjE4MDAwMDAwMDAwMDAsInJlYWQiOjMwMDAwMDAwMDAwMCwidXBkYXRlIjoxODAwMDAwMDAwMDAwfX0=",
          "dependencies": [
            "azurerm_recovery_services_vault.vault",
            "azurerm_resource_group.secondary"
          ]
        }
      ]
    },
    {
      "mode": "managed",
      "type": "azurerm_storage_account",
      "name": "primary",
      "provider": "provider[\"registry.terraform.io/hashicorp/azurerm\"]",
      "instances": [
        {
          "schema_version": 3,
          "attributes": {
            "access_tier": "Hot",
            "account_kind": "StorageV2",
            "account_replication_type": "LRS",
            "account_tier": "Standard",
            "allow_nested_items_to_be_public": true,
            "azure_files_authentication": [],
            "blob_properties": [
              {
                "change_feed_enabled": false,
                "container_delete_retention_policy": [],
                "cors_rule": [],
                "default_service_version": "",
                "delete_retention_policy": [],
                "last_access_time_enabled": false,
                "versioning_enabled": false
              }
            ],
            "cross_tenant_replication_enabled": true,
            "custom_domain": [],
            "customer_managed_key": [],
            "edge_zone": "",
            "enable_https_traffic_only": true,
            "id": "/subscriptions/4a695de3-c537-4263-b522-a3fc4126c0df/resourceGroups/tfex-replicated-vm-primary/providers/Microsoft.Storage/storageAccounts/primaryrecoverycache123",
            "identity": [],
            "infrastructure_encryption_enabled": false,
            "is_hns_enabled": false,
            "large_file_share_enabled": null,
            "location": "centralus",
            "min_tls_version": "TLS1_2",
            "name": "primaryrecoverycache123",
            "network_rules": [
              {
                "bypass": [
                  "AzureServices"
                ],
                "default_action": "Allow",
                "ip_rules": [],
                "private_link_access": [],
                "virtual_network_subnet_ids": []
              }
            ],
            "nfsv3_enabled": false,
            "primary_access_key": "UGoFHD4GG/MGVISYM8x7xnqwyoGFkaPrXr6rCKKgf7J1BwKpH3b0YIAqq3k83AvrRfrwmmqHol0v+AStmAVUiA==",
            "primary_blob_connection_string": "DefaultEndpointsProtocol=https;BlobEndpoint=https://primaryrecoverycache123.blob.core.windows.net/;AccountName=primaryrecoverycache123;AccountKey=UGoFHD4GG/MGVISYM8x7xnqwyoGFkaPrXr6rCKKgf7J1BwKpH3b0YIAqq3k83AvrRfrwmmqHol0v+AStmAVUiA==",
            "primary_blob_endpoint": "https://primaryrecoverycache123.blob.core.windows.net/",
            "primary_blob_host": "primaryrecoverycache123.blob.core.windows.net",
            "primary_connection_string": "DefaultEndpointsProtocol=https;AccountName=primaryrecoverycache123;AccountKey=UGoFHD4GG/MGVISYM8x7xnqwyoGFkaPrXr6rCKKgf7J1BwKpH3b0YIAqq3k83AvrRfrwmmqHol0v+AStmAVUiA==;EndpointSuffix=core.windows.net",
            "primary_dfs_endpoint": "https://primaryrecoverycache123.dfs.core.windows.net/",
            "primary_dfs_host": "primaryrecoverycache123.dfs.core.windows.net",
            "primary_file_endpoint": "https://primaryrecoverycache123.file.core.windows.net/",
            "primary_file_host": "primaryrecoverycache123.file.core.windows.net",
            "primary_location": "centralus",
            "primary_queue_endpoint": "https://primaryrecoverycache123.queue.core.windows.net/",
            "primary_queue_host": "primaryrecoverycache123.queue.core.windows.net",
            "primary_table_endpoint": "https://primaryrecoverycache123.table.core.windows.net/",
            "primary_table_host": "primaryrecoverycache123.table.core.windows.net",
            "primary_web_endpoint": "https://primaryrecoverycache123.z19.web.core.windows.net/",
            "primary_web_host": "primaryrecoverycache123.z19.web.core.windows.net",
            "queue_encryption_key_type": "Service",
            "queue_properties": [
              {
                "cors_rule": [],
                "hour_metrics": [
                  {
                    "enabled": true,
                    "include_apis": true,
                    "retention_policy_days": 7,
                    "version": "1.0"
                  }
                ],
                "logging": [
                  {
                    "delete": false,
                    "read": false,
                    "retention_policy_days": 0,
                    "version": "1.0",
                    "write": false
                  }
                ],
                "minute_metrics": [
                  {
                    "enabled": false,
                    "include_apis": false,
                    "retention_policy_days": 0,
                    "version": "1.0"
                  }
                ]
              }
            ],
            "resource_group_name": "tfex-replicated-vm-primary",
            "routing": [],
            "secondary_access_key": "UDrG7wrl7+rZ+E8HlmCpOVMeEOa5BWwXNy4/Jn2cF2RBa8LZks5Yhcb8pisCWeAKJmmGoqrdF7DI+AStH5MXHg==",
            "secondary_blob_connection_string": "",
            "secondary_blob_endpoint": null,
            "secondary_blob_host": null,
            "secondary_connection_string": "DefaultEndpointsProtocol=https;AccountName=primaryrecoverycache123;AccountKey=UDrG7wrl7+rZ+E8HlmCpOVMeEOa5BWwXNy4/Jn2cF2RBa8LZks5Yhcb8pisCWeAKJmmGoqrdF7DI+AStH5MXHg==;EndpointSuffix=core.windows.net",
            "secondary_dfs_endpoint": null,
            "secondary_dfs_host": null,
            "secondary_file_endpoint": null,
            "secondary_file_host": null,
            "secondary_location": "",
            "secondary_queue_endpoint": null,
            "secondary_queue_host": null,
            "secondary_table_endpoint": null,
            "secondary_table_host": null,
            "secondary_web_endpoint": null,
            "secondary_web_host": null,
            "share_properties": [
              {
                "cors_rule": [],
                "retention_policy": [
                  {
                    "days": 7
                  }
                ],
                "smb": []
              }
            ],
            "shared_access_key_enabled": true,
            "static_website": [],
            "table_encryption_key_type": "Service",
            "tags": null,
            "timeouts": null
          },
          "sensitive_attributes": [],
          "private": "eyJlMmJmYjczMC1lY2FhLTExZTYtOGY4OC0zNDM2M2JjN2M0YzAiOnsiY3JlYXRlIjozNjAwMDAwMDAwMDAwLCJkZWxldGUiOjM2MDAwMDAwMDAwMDAsInJlYWQiOjMwMDAwMDAwMDAwMCwidXBkYXRlIjozNjAwMDAwMDAwMDAwfSwic2NoZW1hX3ZlcnNpb24iOiIzIn0=",
          "dependencies": [
            "azurerm_resource_group.primary"
          ]
        }
      ]
    },
    {
      "mode": "managed",
      "type": "azurerm_subnet",
      "name": "primary",
      "provider": "provider[\"registry.terraform.io/hashicorp/azurerm\"]",
      "instances": [
        {
          "schema_version": 0,
          "attributes": {
            "address_prefixes": [
              "192.168.1.0/24"
            ],
            "delegation": [],
            "enforce_private_link_endpoint_network_policies": false,
            "enforce_private_link_service_network_policies": false,
            "id": "/subscriptions/4a695de3-c537-4263-b522-a3fc4126c0df/resourceGroups/tfex-replicated-vm-primary/providers/Microsoft.Network/virtualNetworks/network1/subnets/network1-subnet",
            "name": "network1-subnet",
            "resource_group_name": "tfex-replicated-vm-primary",
            "service_endpoint_policy_ids": null,
            "service_endpoints": null,
            "timeouts": null,
            "virtual_network_name": "network1"
          },
          "sensitive_attributes": [],
          "private": "eyJlMmJmYjczMC1lY2FhLTExZTYtOGY4OC0zNDM2M2JjN2M0YzAiOnsiY3JlYXRlIjoxODAwMDAwMDAwMDAwLCJkZWxldGUiOjE4MDAwMDAwMDAwMDAsInJlYWQiOjMwMDAwMDAwMDAwMCwidXBkYXRlIjoxODAwMDAwMDAwMDAwfX0=",
          "dependencies": [
            "azurerm_resource_group.primary",
            "azurerm_virtual_network.primary"
          ]
        }
      ]
    },
    {
      "mode": "managed",
      "type": "azurerm_subnet",
      "name": "secondary",
      "provider": "provider[\"registry.terraform.io/hashicorp/azurerm\"]",
      "instances": [
        {
          "schema_version": 0,
          "attributes": {
            "address_prefixes": [
              "192.168.2.0/24"
            ],
            "delegation": [],
            "enforce_private_link_endpoint_network_policies": false,
            "enforce_private_link_service_network_policies": false,
            "id": "/subscriptions/4a695de3-c537-4263-b522-a3fc4126c0df/resourceGroups/tfex-replicated-vm-secondary/providers/Microsoft.Network/virtualNetworks/network2/subnets/network2-subnet",
            "name": "network2-subnet",
            "resource_group_name": "tfex-replicated-vm-secondary",
            "service_endpoint_policy_ids": null,
            "service_endpoints": null,
            "timeouts": null,
            "virtual_network_name": "network2"
          },
          "sensitive_attributes": [],
          "private": "eyJlMmJmYjczMC1lY2FhLTExZTYtOGY4OC0zNDM2M2JjN2M0YzAiOnsiY3JlYXRlIjoxODAwMDAwMDAwMDAwLCJkZWxldGUiOjE4MDAwMDAwMDAwMDAsInJlYWQiOjMwMDAwMDAwMDAwMCwidXBkYXRlIjoxODAwMDAwMDAwMDAwfX0=",
          "dependencies": [
            "azurerm_resource_group.secondary",
            "azurerm_virtual_network.secondary"
          ]
        }
      ]
    },
    {
      "mode": "managed",
      "type": "azurerm_virtual_machine",
      "name": "vm",
      "provider": "provider[\"registry.terraform.io/hashicorp/azurerm\"]",
      "instances": [
        {
          "schema_version": 0,
          "attributes": {
            "additional_capabilities": [],
            "availability_set_id": null,
            "boot_diagnostics": [],
            "delete_data_disks_on_termination": false,
            "delete_os_disk_on_termination": false,
            "id": "/subscriptions/4a695de3-c537-4263-b522-a3fc4126c0df/resourceGroups/tfex-replicated-vm-primary/providers/Microsoft.Compute/virtualMachines/vm",
            "identity": [],
            "license_type": null,
            "location": "centralus",
            "name": "vm",
            "network_interface_ids": [
              "/subscriptions/4a695de3-c537-4263-b522-a3fc4126c0df/resourceGroups/tfex-replicated-vm-primary/providers/Microsoft.Network/networkInterfaces/vm-nic"
            ],
            "os_profile": [
              {
                "admin_password": "",
                "admin_username": "test-admin-123",
                "computer_name": "vm",
                "custom_data": ""
              }
            ],
            "os_profile_linux_config": [
              {
                "disable_password_authentication": false,
                "ssh_keys": []
              }
            ],
            "os_profile_secrets": [],
            "os_profile_windows_config": [],
            "plan": [],
            "primary_network_interface_id": null,
            "proximity_placement_group_id": null,
            "resource_group_name": "tfex-replicated-vm-primary",
            "storage_data_disk": [],
            "storage_image_reference": [
              {
                "id": "",
                "offer": "CentOS",
                "publisher": "OpenLogic",
                "sku": "7.5",
                "version": "latest"
              }
            ],
            "storage_os_disk": [
              {
                "caching": "ReadWrite",
                "create_option": "FromImage",
                "disk_size_gb": 30,
                "image_uri": "",
                "managed_disk_id": "/subscriptions/4a695de3-c537-4263-b522-a3fc4126c0df/resourceGroups/tfex-replicated-vm-primary/providers/Microsoft.Compute/disks/vm-os-disk",
                "managed_disk_type": "Premium_LRS",
                "name": "vm-os-disk",
                "os_type": "Linux",
                "vhd_uri": "",
                "write_accelerator_enabled": false
              }
            ],
            "tags": null,
            "timeouts": null,
            "vm_size": "Standard_D2s_v3",
            "zones": null
          },
          "sensitive_attributes": [],
          "private": "eyJlMmJmYjczMC1lY2FhLTExZTYtOGY4OC0zNDM2M2JjN2M0YzAiOnsiY3JlYXRlIjozNjAwMDAwMDAwMDAwLCJkZWxldGUiOjM2MDAwMDAwMDAwMDAsInJlYWQiOjMwMDAwMDAwMDAwMCwidXBkYXRlIjozNjAwMDAwMDAwMDAwfX0=",
          "dependencies": [
            "azurerm_network_interface.vm",
            "azurerm_public_ip.primary",
            "azurerm_resource_group.primary",
            "azurerm_subnet.primary",
            "azurerm_virtual_network.primary"
          ]
        }
      ]
    },
    {
      "mode": "managed",
      "type": "azurerm_virtual_network",
      "name": "primary",
      "provider": "provider[\"registry.terraform.io/hashicorp/azurerm\"]",
      "instances": [
        {
          "schema_version": 0,
          "attributes": {
            "address_space": [
              "192.168.1.0/24"
            ],
            "bgp_community": "",
            "ddos_protection_plan": [],
            "dns_servers": [],
            "edge_zone": "",
            "flow_timeout_in_minutes": 0,
            "guid": "6e177e96-5efc-4d98-af1f-2d5cb53d256b",
            "id": "/subscriptions/4a695de3-c537-4263-b522-a3fc4126c0df/resourceGroups/tfex-replicated-vm-primary/providers/Microsoft.Network/virtualNetworks/network1",
            "location": "centralus",
            "name": "network1",
            "resource_group_name": "tfex-replicated-vm-primary",
            "subnet": [],
            "tags": null,
            "timeouts": null
          },
          "sensitive_attributes": [],
          "private": "eyJlMmJmYjczMC1lY2FhLTExZTYtOGY4OC0zNDM2M2JjN2M0YzAiOnsiY3JlYXRlIjoxODAwMDAwMDAwMDAwLCJkZWxldGUiOjE4MDAwMDAwMDAwMDAsInJlYWQiOjMwMDAwMDAwMDAwMCwidXBkYXRlIjoxODAwMDAwMDAwMDAwfX0=",
          "dependencies": [
            "azurerm_resource_group.primary"
          ]
        }
      ]
    },
    {
      "mode": "managed",
      "type": "azurerm_virtual_network",
      "name": "secondary",
      "provider": "provider[\"registry.terraform.io/hashicorp/azurerm\"]",
      "instances": [
        {
          "schema_version": 0,
          "attributes": {
            "address_space": [
              "192.168.2.0/24"
            ],
            "bgp_community": "",
            "ddos_protection_plan": [],
            "dns_servers": [],
            "edge_zone": "",
            "flow_timeout_in_minutes": 0,
            "guid": "3127002a-8e91-498b-bacc-084feba2ff5c",
            "id": "/subscriptions/4a695de3-c537-4263-b522-a3fc4126c0df/resourceGroups/tfex-replicated-vm-secondary/providers/Microsoft.Network/virtualNetworks/network2",
            "location": "eastus",
            "name": "network2",
            "resource_group_name": "tfex-replicated-vm-secondary",
            "subnet": [],
            "tags": null,
            "timeouts": null
          },
          "sensitive_attributes": [],
          "private": "eyJlMmJmYjczMC1lY2FhLTExZTYtOGY4OC0zNDM2M2JjN2M0YzAiOnsiY3JlYXRlIjoxODAwMDAwMDAwMDAwLCJkZWxldGUiOjE4MDAwMDAwMDAwMDAsInJlYWQiOjMwMDAwMDAwMDAwMCwidXBkYXRlIjoxODAwMDAwMDAwMDAwfX0=",
          "dependencies": [
            "azurerm_resource_group.secondary"
          ]
        }
      ]
    }
  ]
}
